
Microsoft Visual Studio Solution File, Format Version 12.00
# Visual Studio 2013
VisualStudioVersion = 12.0.40629.0
MinimumVisualStudioVersion = 10.0.40219.1
Project("{FAE04EC0-301F-11D3-BF4B-00C04F79EFBC}") = "Skynet_the_virus", "Skynet_the_virus\Skynet_the_virus.csproj", "{4BBB8914-0789-4724-B7EC-2844D03FB9F8}"
EndProject
Project("{FAE04EC0-301F-11D3-BF4B-00C04F79EFBC}") = "Marslander_level1", "Marslander_level1\Marslander_level1.csproj", "{D8F1914D-A615-482F-9F9E-0D75EF697B5D}"
EndProject
Project("{FAE04EC0-301F-11D3-BF4B-00C04F79EFBC}") = "Temperatures", "Temperatures\Temperatures.csproj", "{E0A1EE6F-203A-4726-BD2B-9686E449E6E9}"
EndProject
Project("{FAE04EC0-301F-11D3-BF4B-00C04F79EFBC}") = "AsciiArt", "AsciiArt\AsciiArt.csproj", "{30BA6CB0-C674-4750-9B67-052CEF0B466C}"
EndProject
Project("{FAE04EC0-301F-11D3-BF4B-00C04F79EFBC}") = "ChuckNorris", "ChuckNorris\ChuckNorris.csproj", "{EC08DAB8-4858-451A-A3AB-FE176F2F5815}"
EndProject
Project("{FAE04EC0-301F-11D3-BF4B-00C04F79EFBC}") = "MimeType", "MimeType\MimeType.csproj", "{F14E6CD4-FF93-471F-8BAF-30715AB5AB1F}"
EndProject
Project("{FAE04EC0-301F-11D3-BF4B-00C04F79EFBC}") = "Defibrillators", "Defibrillators\Defibrillators.csproj", "{34F6DDF0-91AD-4644-A533-A5E65FDBA6B6}"
EndProject
Project("{FAE04EC0-301F-11D3-BF4B-00C04F79EFBC}") = "HorseRacingDuals", "HorseRacingDuals\HorseRacingDuals.csproj", "{A5BB1723-4419-416B-9EC2-ADE806E03DCD}"
EndProject
Project("{FAE04EC0-301F-11D3-BF4B-00C04F79EFBC}") = "Marslander_level2", "Marslander_level2\Marslander_level2.csproj", "{7DCF390D-99DC-4DCB-911F-EF80D74E389D}"
EndProject
Project("{FAE04EC0-301F-11D3-BF4B-00C04F79EFBC}") = "Winamax", "Winamax\Winamax.csproj", "{D8790405-3A38-46C7-9831-34DE74C0E018}"
EndProject
Project("{FAE04EC0-301F-11D3-BF4B-00C04F79EFBC}") = "ParanoidAndroid", "ParanoidAndroid\ParanoidAndroid.csproj", "{3EF13E3F-559B-4C7B-B770-A74090C24F8E}"
EndProject
Project("{FAE04EC0-301F-11D3-BF4B-00C04F79EFBC}") = "HeatDetector", "HeatDetector\HeatDetector.csproj", "{F21A6218-ED62-4B22-9B78-2EFCDB79B93F}"
EndProject
Project("{FAE04EC0-301F-11D3-BF4B-00C04F79EFBC}") = "StockExchangeLosses", "StockExchangeLosses\StockExchangeLosses.csproj", "{C9CF268B-FFA6-4BE0-AA0C-C60E253B1B12}"
EndProject
Project("{FAE04EC0-301F-11D3-BF4B-00C04F79EFBC}") = "Teads", "Teads\Teads.csproj", "{3D7F4F6A-41C4-4146-AAE8-E1EB3BAFFC42}"
EndProject
Project("{FAE04EC0-301F-11D3-BF4B-00C04F79EFBC}") = "Indiana", "Indiana\Indiana.csproj", "{AEAE696D-C712-427C-807D-50ABF7B25F4D}"
EndProject
Project("{FAE04EC0-301F-11D3-BF4B-00C04F79EFBC}") = "NetworkCabling", "NetworkCabling\NetworkCabling.csproj", "{C7C64645-6E58-4574-9CBF-A89C0F04881F}"
EndProject
Project("{FAE04EC0-301F-11D3-BF4B-00C04F79EFBC}") = "TelephoneNumbers", "TelephoneNumbers\TelephoneNumbers.csproj", "{B902C877-0DD6-47D5-A661-524487E08F2E}"
EndProject
Project("{FAE04EC0-301F-11D3-BF4B-00C04F79EFBC}") = "ConwaySequence", "ConwaySequence\ConwaySequence.csproj", "{16F7825C-71A6-462D-86AB-26FCB43F1044}"
EndProject
Project("{FAE04EC0-301F-11D3-BF4B-00C04F79EFBC}") = "Dwarfs", "Dwarfs\Dwarfs.csproj", "{32B4102D-C399-4DD4-B8D9-E2CFA8373764}"
EndProject
Project("{2150E333-8FDC-42A3-9474-1A3956D46DE8}") = "Completed", "Completed", "{19861D0E-96E5-4106-9AD5-BAAFA776915F}"
EndProject
Project("{FAE04EC0-301F-11D3-BF4B-00C04F79EFBC}") = "Bender", "Bender\Bender.csproj", "{4F30B0DB-B748-4042-B8E7-11E34B4508D5}"
EndProject
Global
	GlobalSection(SolutionConfigurationPlatforms) = preSolution
		Debug|Any CPU = Debug|Any CPU
		Release|Any CPU = Release|Any CPU
	EndGlobalSection
	GlobalSection(ProjectConfigurationPlatforms) = postSolution
		{4BBB8914-0789-4724-B7EC-2844D03FB9F8}.Debug|Any CPU.ActiveCfg = Debug|Any CPU
		{4BBB8914-0789-4724-B7EC-2844D03FB9F8}.Debug|Any CPU.Build.0 = Debug|Any CPU
		{4BBB8914-0789-4724-B7EC-2844D03FB9F8}.Release|Any CPU.ActiveCfg = Release|Any CPU
		{4BBB8914-0789-4724-B7EC-2844D03FB9F8}.Release|Any CPU.Build.0 = Release|Any CPU
		{D8F1914D-A615-482F-9F9E-0D75EF697B5D}.Debug|Any CPU.ActiveCfg = Debug|Any CPU
		{D8F1914D-A615-482F-9F9E-0D75EF697B5D}.Debug|Any CPU.Build.0 = Debug|Any CPU
		{D8F1914D-A615-482F-9F9E-0D75EF697B5D}.Release|Any CPU.ActiveCfg = Release|Any CPU
		{D8F1914D-A615-482F-9F9E-0D75EF697B5D}.Release|Any CPU.Build.0 = Release|Any CPU
		{E0A1EE6F-203A-4726-BD2B-9686E449E6E9}.Debug|Any CPU.ActiveCfg = Debug|Any CPU
		{E0A1EE6F-203A-4726-BD2B-9686E449E6E9}.Debug|Any CPU.Build.0 = Debug|Any CPU
		{E0A1EE6F-203A-4726-BD2B-9686E449E6E9}.Release|Any CPU.ActiveCfg = Release|Any CPU
		{E0A1EE6F-203A-4726-BD2B-9686E449E6E9}.Release|Any CPU.Build.0 = Release|Any CPU
		{30BA6CB0-C674-4750-9B67-052CEF0B466C}.Debug|Any CPU.ActiveCfg = Debug|Any CPU
		{30BA6CB0-C674-4750-9B67-052CEF0B466C}.Debug|Any CPU.Build.0 = Debug|Any CPU
		{30BA6CB0-C674-4750-9B67-052CEF0B466C}.Release|Any CPU.ActiveCfg = Release|Any CPU
		{30BA6CB0-C674-4750-9B67-052CEF0B466C}.Release|Any CPU.Build.0 = Release|Any CPU
		{EC08DAB8-4858-451A-A3AB-FE176F2F5815}.Debug|Any CPU.ActiveCfg = Debug|Any CPU
		{EC08DAB8-4858-451A-A3AB-FE176F2F5815}.Debug|Any CPU.Build.0 = Debug|Any CPU
		{EC08DAB8-4858-451A-A3AB-FE176F2F5815}.Release|Any CPU.ActiveCfg = Release|Any CPU
		{EC08DAB8-4858-451A-A3AB-FE176F2F5815}.Release|Any CPU.Build.0 = Release|Any CPU
		{F14E6CD4-FF93-471F-8BAF-30715AB5AB1F}.Debug|Any CPU.ActiveCfg = Debug|Any CPU
		{F14E6CD4-FF93-471F-8BAF-30715AB5AB1F}.Debug|Any CPU.Build.0 = Debug|Any CPU
		{F14E6CD4-FF93-471F-8BAF-30715AB5AB1F}.Release|Any CPU.ActiveCfg = Release|Any CPU
		{F14E6CD4-FF93-471F-8BAF-30715AB5AB1F}.Release|Any CPU.Build.0 = Release|Any CPU
		{34F6DDF0-91AD-4644-A533-A5E65FDBA6B6}.Debug|Any CPU.ActiveCfg = Debug|Any CPU
		{34F6DDF0-91AD-4644-A533-A5E65FDBA6B6}.Debug|Any CPU.Build.0 = Debug|Any CPU
		{34F6DDF0-91AD-4644-A533-A5E65FDBA6B6}.Release|Any CPU.ActiveCfg = Release|Any CPU
		{34F6DDF0-91AD-4644-A533-A5E65FDBA6B6}.Release|Any CPU.Build.0 = Release|Any CPU
		{A5BB1723-4419-416B-9EC2-ADE806E03DCD}.Debug|Any CPU.ActiveCfg = Debug|Any CPU
		{A5BB1723-4419-416B-9EC2-ADE806E03DCD}.Debug|Any CPU.Build.0 = Debug|Any CPU
		{A5BB1723-4419-416B-9EC2-ADE806E03DCD}.Release|Any CPU.ActiveCfg = Release|Any CPU
		{A5BB1723-4419-416B-9EC2-ADE806E03DCD}.Release|Any CPU.Build.0 = Release|Any CPU
		{7DCF390D-99DC-4DCB-911F-EF80D74E389D}.Debug|Any CPU.ActiveCfg = Debug|Any CPU
		{7DCF390D-99DC-4DCB-911F-EF80D74E389D}.Debug|Any CPU.Build.0 = Debug|Any CPU
		{7DCF390D-99DC-4DCB-911F-EF80D74E389D}.Release|Any CPU.ActiveCfg = Release|Any CPU
		{7DCF390D-99DC-4DCB-911F-EF80D74E389D}.Release|Any CPU.Build.0 = Release|Any CPU
		{D8790405-3A38-46C7-9831-34DE74C0E018}.Debug|Any CPU.ActiveCfg = Debug|Any CPU
		{D8790405-3A38-46C7-9831-34DE74C0E018}.Debug|Any CPU.Build.0 = Debug|Any CPU
		{D8790405-3A38-46C7-9831-34DE74C0E018}.Release|Any CPU.ActiveCfg = Release|Any CPU
		{D8790405-3A38-46C7-9831-34DE74C0E018}.Release|Any CPU.Build.0 = Release|Any CPU
		{3EF13E3F-559B-4C7B-B770-A74090C24F8E}.Debug|Any CPU.ActiveCfg = Debug|Any CPU
		{3EF13E3F-559B-4C7B-B770-A74090C24F8E}.Debug|Any CPU.Build.0 = Debug|Any CPU
		{3EF13E3F-559B-4C7B-B770-A74090C24F8E}.Release|Any CPU.ActiveCfg = Release|Any CPU
		{3EF13E3F-559B-4C7B-B770-A74090C24F8E}.Release|Any CPU.Build.0 = Release|Any CPU
		{F21A6218-ED62-4B22-9B78-2EFCDB79B93F}.Debug|Any CPU.ActiveCfg = Debug|Any CPU
		{F21A6218-ED62-4B22-9B78-2EFCDB79B93F}.Debug|Any CPU.Build.0 = Debug|Any CPU
		{F21A6218-ED62-4B22-9B78-2EFCDB79B93F}.Release|Any CPU.ActiveCfg = Release|Any CPU
		{F21A6218-ED62-4B22-9B78-2EFCDB79B93F}.Release|Any CPU.Build.0 = Release|Any CPU
		{C9CF268B-FFA6-4BE0-AA0C-C60E253B1B12}.Debug|Any CPU.ActiveCfg = Debug|Any CPU
		{C9CF268B-FFA6-4BE0-AA0C-C60E253B1B12}.Debug|Any CPU.Build.0 = Debug|Any CPU
		{C9CF268B-FFA6-4BE0-AA0C-C60E253B1B12}.Release|Any CPU.ActiveCfg = Release|Any CPU
		{C9CF268B-FFA6-4BE0-AA0C-C60E253B1B12}.Release|Any CPU.Build.0 = Release|Any CPU
		{3D7F4F6A-41C4-4146-AAE8-E1EB3BAFFC42}.Debug|Any CPU.ActiveCfg = Debug|Any CPU
		{3D7F4F6A-41C4-4146-AAE8-E1EB3BAFFC42}.Debug|Any CPU.Build.0 = Debug|Any CPU
		{3D7F4F6A-41C4-4146-AAE8-E1EB3BAFFC42}.Release|Any CPU.ActiveCfg = Release|Any CPU
		{3D7F4F6A-41C4-4146-AAE8-E1EB3BAFFC42}.Release|Any CPU.Build.0 = Release|Any CPU
		{AEAE696D-C712-427C-807D-50ABF7B25F4D}.Debug|Any CPU.ActiveCfg = Debug|Any CPU
		{AEAE696D-C712-427C-807D-50ABF7B25F4D}.Debug|Any CPU.Build.0 = Debug|Any CPU
		{AEAE696D-C712-427C-807D-50ABF7B25F4D}.Release|Any CPU.ActiveCfg = Release|Any CPU
		{AEAE696D-C712-427C-807D-50ABF7B25F4D}.Release|Any CPU.Build.0 = Release|Any CPU
		{C7C64645-6E58-4574-9CBF-A89C0F04881F}.Debug|Any CPU.ActiveCfg = Debug|Any CPU
		{C7C64645-6E58-4574-9CBF-A89C0F04881F}.Debug|Any CPU.Build.0 = Debug|Any CPU
		{C7C64645-6E58-4574-9CBF-A89C0F04881F}.Release|Any CPU.ActiveCfg = Release|Any CPU
		{C7C64645-6E58-4574-9CBF-A89C0F04881F}.Release|Any CPU.Build.0 = Release|Any CPU
		{B902C877-0DD6-47D5-A661-524487E08F2E}.Debug|Any CPU.ActiveCfg = Debug|Any CPU
		{B902C877-0DD6-47D5-A661-524487E08F2E}.Debug|Any CPU.Build.0 = Debug|Any CPU
		{B902C877-0DD6-47D5-A661-524487E08F2E}.Release|Any CPU.ActiveCfg = Release|Any CPU
		{B902C877-0DD6-47D5-A661-524487E08F2E}.Release|Any CPU.Build.0 = Release|Any CPU
		{16F7825C-71A6-462D-86AB-26FCB43F1044}.Debug|Any CPU.ActiveCfg = Debug|Any CPU
		{16F7825C-71A6-462D-86AB-26FCB43F1044}.Debug|Any CPU.Build.0 = Debug|Any CPU
		{16F7825C-71A6-462D-86AB-26FCB43F1044}.Release|Any CPU.ActiveCfg = Release|Any CPU
		{16F7825C-71A6-462D-86AB-26FCB43F1044}.Release|Any CPU.Build.0 = Release|Any CPU
		{32B4102D-C399-4DD4-B8D9-E2CFA8373764}.Debug|Any CPU.ActiveCfg = Debug|Any CPU
		{32B4102D-C399-4DD4-B8D9-E2CFA8373764}.Debug|Any CPU.Build.0 = Debug|Any CPU
		{32B4102D-C399-4DD4-B8D9-E2CFA8373764}.Release|Any CPU.ActiveCfg = Release|Any CPU
		{32B4102D-C399-4DD4-B8D9-E2CFA8373764}.Release|Any CPU.Build.0 = Release|Any CPU
		{4F30B0DB-B748-4042-B8E7-11E34B4508D5}.Debug|Any CPU.ActiveCfg = Debug|Any CPU
		{4F30B0DB-B748-4042-B8E7-11E34B4508D5}.Debug|Any CPU.Build.0 = Debug|Any CPU
		{4F30B0DB-B748-4042-B8E7-11E34B4508D5}.Release|Any CPU.ActiveCfg = Release|Any CPU
		{4F30B0DB-B748-4042-B8E7-11E34B4508D5}.Release|Any CPU.Build.0 = Release|Any CPU
	EndGlobalSection
	GlobalSection(SolutionProperties) = preSolution
		HideSolutionNode = FALSE
	EndGlobalSection
	GlobalSection(NestedProjects) = preSolution
		{4BBB8914-0789-4724-B7EC-2844D03FB9F8} = {19861D0E-96E5-4106-9AD5-BAAFA776915F}
		{D8F1914D-A615-482F-9F9E-0D75EF697B5D} = {19861D0E-96E5-4106-9AD5-BAAFA776915F}
		{E0A1EE6F-203A-4726-BD2B-9686E449E6E9} = {19861D0E-96E5-4106-9AD5-BAAFA776915F}
		{30BA6CB0-C674-4750-9B67-052CEF0B466C} = {19861D0E-96E5-4106-9AD5-BAAFA776915F}
		{EC08DAB8-4858-451A-A3AB-FE176F2F5815} = {19861D0E-96E5-4106-9AD5-BAAFA776915F}
		{F14E6CD4-FF93-471F-8BAF-30715AB5AB1F} = {19861D0E-96E5-4106-9AD5-BAAFA776915F}
		{34F6DDF0-91AD-4644-A533-A5E65FDBA6B6} = {19861D0E-96E5-4106-9AD5-BAAFA776915F}
		{A5BB1723-4419-416B-9EC2-ADE806E03DCD} = {19861D0E-96E5-4106-9AD5-BAAFA776915F}
		{7DCF390D-99DC-4DCB-911F-EF80D74E389D} = {19861D0E-96E5-4106-9AD5-BAAFA776915F}
		{D8790405-3A38-46C7-9831-34DE74C0E018} = {19861D0E-96E5-4106-9AD5-BAAFA776915F}
		{3EF13E3F-559B-4C7B-B770-A74090C24F8E} = {19861D0E-96E5-4106-9AD5-BAAFA776915F}
		{F21A6218-ED62-4B22-9B78-2EFCDB79B93F} = {19861D0E-96E5-4106-9AD5-BAAFA776915F}
		{C9CF268B-FFA6-4BE0-AA0C-C60E253B1B12} = {19861D0E-96E5-4106-9AD5-BAAFA776915F}
		{AEAE696D-C712-427C-807D-50ABF7B25F4D} = {19861D0E-96E5-4106-9AD5-BAAFA776915F}
		{C7C64645-6E58-4574-9CBF-A89C0F04881F} = {19861D0E-96E5-4106-9AD5-BAAFA776915F}
		{B902C877-0DD6-47D5-A661-524487E08F2E} = {19861D0E-96E5-4106-9AD5-BAAFA776915F}
		{16F7825C-71A6-462D-86AB-26FCB43F1044} = {19861D0E-96E5-4106-9AD5-BAAFA776915F}
		{32B4102D-C399-4DD4-B8D9-E2CFA8373764} = {19861D0E-96E5-4106-9AD5-BAAFA776915F}
	EndGlobalSection
EndGlobal
